{
  "name": "testpass",
  "version": "0.0.1",
  "lockfileVersion": 1,
  "requires": true,
  "dependencies": {
    "ansi-256-colors": {
      "version": "1.1.0",
      "resolved": "https://registry.npmjs.org/ansi-256-colors/-/ansi-256-colors-1.1.0.tgz",
      "integrity": "sha1-kQ3lDvzHwJ49gvL4er1rcAwYgYo="
    },
    "clean-stack": {
      "version": "1.3.0",
      "resolved": "https://registry.npmjs.org/clean-stack/-/clean-stack-1.3.0.tgz",
      "integrity": "sha1-noIVAa6XmYbEax1m0tQy2y/UrjE="
    },
    "getProto": {
      "version": "github:aleclarson/getProto#7d8b5c299dc9ae708679febb8026c48b6da1ada3"
    },
    "huey": {
      "version": "github:aleclarson/huey#dbcceda654c6fa319f1a467264282247db4b62a0",
      "requires": {
        "ansi-256-colors": "1.1.0"
      }
    },
    "isObject": {
      "version": "github:aleclarson/isObject#0f3b3b60583196ca05936192e906e1f76c50f5d8",
      "requires": {
        "getProto": "github:aleclarson/getProto#7d8b5c299dc9ae708679febb8026c48b6da1ada3"
      }
    }
  }
}
